
Microsoft Visual Studio Solution File, Format Version 12.00
# Visual Studio 15
VisualStudioVersion = 15.0.27130.2010
MinimumVisualStudioVersion = 10.0.40219.1
Project("{FAE04EC0-301F-11D3-BF4B-00C04F79EFBC}") = "MiFinca.Android", "MiFinca\MiFinca.Android\MiFinca.Android.csproj", "{A73B0D5D-0434-4B65-B126-ADDE5CA895AA}"
EndProject
Project("{D954291E-2A0B-460D-934E-DC6B0785DB48}") = "MiFinca", "MiFinca\MiFinca\MiFinca.shproj", "{1BA4BBAA-C052-4167-B932-44F38AEAC7BE}"
EndProject
Global
	GlobalSection(SharedMSBuildProjectFiles) = preSolution
		MiFinca\MiFinca\MiFinca.projitems*{1ba4bbaa-c052-4167-b932-44f38aeac7be}*SharedItemsImports = 13
		MiFinca\MiFinca\MiFinca.projitems*{a73b0d5d-0434-4b65-b126-adde5ca895aa}*SharedItemsImports = 4
	EndGlobalSection
	GlobalSection(SolutionConfigurationPlatforms) = preSolution
		Debug|Any CPU = Debug|Any CPU
		Release|Any CPU = Release|Any CPU
	EndGlobalSection
	GlobalSection(ProjectConfigurationPlatforms) = postSolution
		{A73B0D5D-0434-4B65-B126-ADDE5CA895AA}.Debug|Any CPU.ActiveCfg = Debug|Any CPU
		{A73B0D5D-0434-4B65-B126-ADDE5CA895AA}.Debug|Any CPU.Build.0 = Debug|Any CPU
		{A73B0D5D-0434-4B65-B126-ADDE5CA895AA}.Debug|Any CPU.Deploy.0 = Debug|Any CPU
		{A73B0D5D-0434-4B65-B126-ADDE5CA895AA}.Release|Any CPU.ActiveCfg = Release|Any CPU
		{A73B0D5D-0434-4B65-B126-ADDE5CA895AA}.Release|Any CPU.Build.0 = Release|Any CPU
		{A73B0D5D-0434-4B65-B126-ADDE5CA895AA}.Release|Any CPU.Deploy.0 = Release|Any CPU
	EndGlobalSection
	GlobalSection(SolutionProperties) = preSolution
		HideSolutionNode = FALSE
	EndGlobalSection
	GlobalSection(ExtensibilityGlobals) = postSolution
		SolutionGuid = {373F9F23-E56B-417C-BF93-669896BD5E3F}
	EndGlobalSection
EndGlobal
